// !$*UTF8*$!
{
	archiveVersion = 1;
	classes = {
	};
	objectVersion = 46;
	objects = {

/* Begin PBXBuildFile section */
		3F7C3EE919DC62290031FFBC /* AppDelegate.swift in Sources */ = {isa = PBXBuildFile; fileRef = 3F7C3EE819DC62290031FFBC /* AppDelegate.swift */; };
		3F7C3EEB19DC62290031FFBC /* ViewController.swift in Sources */ = {isa = PBXBuildFile; fileRef = 3F7C3EEA19DC62290031FFBC /* ViewController.swift */; };
		3F7C3EEE19DC62290031FFBC /* Main.storyboard in Resources */ = {isa = PBXBuildFile; fileRef = 3F7C3EEC19DC62290031FFBC /* Main.storyboard */; };
		3F7C3EF019DC62290031FFBC /* Images.xcassets in Resources */ = {isa = PBXBuildFile; fileRef = 3F7C3EEF19DC62290031FFBC /* Images.xcassets */; };
		3F7C3EF319DC62290031FFBC /* LaunchScreen.xib in Resources */ = {isa = PBXBuildFile; fileRef = 3F7C3EF119DC62290031FFBC /* LaunchScreen.xib */; };
		3F7C3EFF19DC62290031FFBC /* DynamicCollectionViewLayoutTests.swift in Sources */ = {isa = PBXBuildFile; fileRef = 3F7C3EFE19DC62290031FFBC /* DynamicCollectionViewLayoutTests.swift */; };
		3F7C3F0919DC63D10031FFBC /* QuoteCollectionViewCell.swift in Sources */ = {isa = PBXBuildFile; fileRef = 3F7C3F0819DC63D10031FFBC /* QuoteCollectionViewCell.swift */; };
/* End PBXBuildFile section */

/* Begin PBXContainerItemProxy section */
		3F7C3EF919DC62290031FFBC /* PBXContainerItemProxy */ = {
			isa = PBXContainerItemProxy;
			containerPortal = 3F7C3EDB19DC62290031FFBC /* Project object */;
			proxyType = 1;
			remoteGlobalIDString = 3F7C3EE219DC62290031FFBC;
			remoteInfo = DynamicCollectionViewLayout;
		};
/* End PBXContainerItemProxy section */

/* Begin PBXFileReference section */
		3F7C3EE319DC62290031FFBC /* DynamicCollectionViewLayout.app */ = {isa = PBXFileReference; explicitFileType = wrapper.application; includeInIndex = 0; path = DynamicCollectionViewLayout.app; sourceTree = BUILT_PRODUCTS_DIR; };
		3F7C3EE719DC62290031FFBC /* Info.plist */ = {isa = PBXFileReference; lastKnownFileType = text.plist.xml; path = Info.plist; sourceTree = "<group>"; };
		3F7C3EE819DC62290031FFBC /* AppDelegate.swift */ = {isa = PBXFileReference; lastKnownFileType = sourcecode.swift; path = AppDelegate.swift; sourceTree = "<group>"; };
		3F7C3EEA19DC62290031FFBC /* ViewController.swift */ = {isa = PBXFileReference; lastKnownFileType = sourcecode.swift; path = ViewController.swift; sourceTree = "<group>"; };
		3F7C3EED19DC62290031FFBC /* Base */ = {isa = PBXFileReference; lastKnownFileType = file.storyboard; name = Base; path = Base.lproj/Main.storyboard; sourceTree = "<group>"; };
		3F7C3EEF19DC62290031FFBC /* Images.xcassets */ = {isa = PBXFileReference; lastKnownFileType = folder.assetcatalog; path = Images.xcassets; sourceTree = "<group>"; };
		3F7C3EF219DC62290031FFBC /* Base */ = {isa = PBXFileReference; lastKnownFileType = file.xib; name = Base; path = Base.lproj/LaunchScreen.xib; sourceTree = "<group>"; };
		3F7C3EF819DC62290031FFBC /* DynamicCollectionViewLayoutTests.xctest */ = {isa = PBXFileReference; explicitFileType = wrapper.cfbundle; includeInIndex = 0; path = DynamicCollectionViewLayoutTests.xctest; sourceTree = BUILT_PRODUCTS_DIR; };
		3F7C3EFD19DC62290031FFBC /* Info.plist */ = {isa = PBXFileReference; lastKnownFileType = text.plist.xml; path = Info.plist; sourceTree = "<group>"; };
		3F7C3EFE19DC62290031FFBC /* DynamicCollectionViewLayoutTests.swift */ = {isa = PBXFileReference; lastKnownFileType = sourcecode.swift; path = DynamicCollectionViewLayoutTests.swift; sourceTree = "<group>"; };
		3F7C3F0819DC63D10031FFBC /* QuoteCollectionViewCell.swift */ = {isa = PBXFileReference; fileEncoding = 4; lastKnownFileType = sourcecode.swift; path = QuoteCollectionViewCell.swift; sourceTree = "<group>"; };
/* End PBXFileReference section */

/* Begin PBXFrameworksBuildPhase section */
		3F7C3EE019DC62290031FFBC /* Frameworks */ = {
			isa = PBXFrameworksBuildPhase;
			buildActionMask = 2147483647;
			files = (
			);
			runOnlyForDeploymentPostprocessing = 0;
		};
		3F7C3EF519DC62290031FFBC /* Frameworks */ = {
			isa = PBXFrameworksBuildPhase;
			buildActionMask = 2147483647;
			files = (
			);
			runOnlyForDeploymentPostprocessing = 0;
		};
/* End PBXFrameworksBuildPhase section */

/* Begin PBXGroup section */
		3F7C3EDA19DC62290031FFBC = {
			isa = PBXGroup;
			children = (
				3F7C3EE519DC62290031FFBC /* DynamicCollectionViewLayout */,
				3F7C3EFB19DC62290031FFBC /* DynamicCollectionViewLayoutTests */,
				3F7C3EE419DC62290031FFBC /* Products */,
			);
			sourceTree = "<group>";
		};
		3F7C3EE419DC62290031FFBC /* Products */ = {
			isa = PBXGroup;
			children = (
				3F7C3EE319DC62290031FFBC /* DynamicCollectionViewLayout.app */,
				3F7C3EF819DC62290031FFBC /* DynamicCollectionViewLayoutTests.xctest */,
			);
			name = Products;
			sourceTree = "<group>";
		};
		3F7C3EE519DC62290031FFBC /* DynamicCollectionViewLayout */ = {
			isa = PBXGroup;
			children = (
				3F7C3EE819DC62290031FFBC /* AppDelegate.swift */,
				3F7C3F0819DC63D10031FFBC /* QuoteCollectionViewCell.swift */,
				3F7C3EEA19DC62290031FFBC /* ViewController.swift */,
				3F7C3EEC19DC62290031FFBC /* Main.storyboard */,
				3F7C3EEF19DC62290031FFBC /* Images.xcassets */,
				3F7C3EF119DC62290031FFBC /* LaunchScreen.xib */,
				3F7C3EE619DC62290031FFBC /* Supporting Files */,
			);
			path = DynamicCollectionViewLayout;
			sourceTree = "<group>";
		};
		3F7C3EE619DC62290031FFBC /* Supporting Files */ = {
			isa = PBXGroup;
			children = (
				3F7C3EE719DC62290031FFBC /* Info.plist */,
			);
			name = "Supporting Files";
			sourceTree = "<group>";
		};
		3F7C3EFB19DC62290031FFBC /* DynamicCollectionViewLayoutTests */ = {
			isa = PBXGroup;
			children = (
				3F7C3EFE19DC62290031FFBC /* DynamicCollectionViewLayoutTests.swift */,
				3F7C3EFC19DC62290031FFBC /* Supporting Files */,
			);
			path = DynamicCollectionViewLayoutTests;
			sourceTree = "<group>";
		};
		3F7C3EFC19DC62290031FFBC /* Supporting Files */ = {
			isa = PBXGroup;
			children = (
				3F7C3EFD19DC62290031FFBC /* Info.plist */,
			);
			name = "Supporting Files";
			sourceTree = "<group>";
		};
/* End PBXGroup section */

/* Begin PBXNativeTarget section */
		3F7C3EE219DC62290031FFBC /* DynamicCollectionViewLayout */ = {
			isa = PBXNativeTarget;
			buildConfigurationList = 3F7C3F0219DC62290031FFBC /* Build configuration list for PBXNativeTarget "DynamicCollectionViewLayout" */;
			buildPhases = (
				3F7C3EDF19DC62290031FFBC /* Sources */,
				3F7C3EE019DC62290031FFBC /* Frameworks */,
				3F7C3EE119DC62290031FFBC /* Resources */,
			);
			buildRules = (
			);
			dependencies = (
			);
			name = DynamicCollectionViewLayout;
			productName = DynamicCollectionViewLayout;
			productReference = 3F7C3EE319DC62290031FFBC /* DynamicCollectionViewLayout.app */;
			productType = "com.apple.product-type.application";
		};
		3F7C3EF719DC62290031FFBC /* DynamicCollectionViewLayoutTests */ = {
			isa = PBXNativeTarget;
			buildConfigurationList = 3F7C3F0519DC62290031FFBC /* Build configuration list for PBXNativeTarget "DynamicCollectionViewLayoutTests" */;
			buildPhases = (
				3F7C3EF419DC62290031FFBC /* Sources */,
				3F7C3EF519DC62290031FFBC /* Frameworks */,
				3F7C3EF619DC62290031FFBC /* Resources */,
			);
			buildRules = (
			);
			dependencies = (
				3F7C3EFA19DC62290031FFBC /* PBXTargetDependency */,
			);
			name = DynamicCollectionViewLayoutTests;
			productName = DynamicCollectionViewLayoutTests;
			productReference = 3F7C3EF819DC62290031FFBC /* DynamicCollectionViewLayoutTests.xctest */;
			productType = "com.apple.product-type.bundle.unit-test";
		};
/* End PBXNativeTarget section */

/* Begin PBXProject section */
		3F7C3EDB19DC62290031FFBC /* Project object */ = {
			isa = PBXProject;
			attributes = {
				LastUpgradeCheck = 0600;
				ORGANIZATIONNAME = GroomsyDev;
				TargetAttributes = {
					3F7C3EE219DC62290031FFBC = {
						CreatedOnToolsVersion = 6.0;
					};
					3F7C3EF719DC62290031FFBC = {
						CreatedOnToolsVersion = 6.0;
						TestTargetID = 3F7C3EE219DC62290031FFBC;
					};
				};
			};
			buildConfigurationList = 3F7C3EDE19DC62290031FFBC /* Build configuration list for PBXProject "DynamicCollectionViewLayout" */;
			compatibilityVersion = "Xcode 3.2";
			developmentRegion = English;
			hasScannedForEncodings = 0;
			knownRegions = (
				en,
				Base,
			);
			mainGroup = 3F7C3EDA19DC62290031FFBC;
			productRefGroup = 3F7C3EE419DC62290031FFBC /* Products */;
			projectDirPath = "";
			projectRoot = "";
			targets = (
				3F7C3EE219DC62290031FFBC /* DynamicCollectionViewLayout */,
				3F7C3EF719DC62290031FFBC /* DynamicCollectionViewLayoutTests */,
			);
		};
/* End PBXProject section */

/* Begin PBXResourcesBuildPhase section */
		3F7C3EE119DC62290031FFBC /* Resources */ = {
			isa = PBXResourcesBuildPhase;
			buildActionMask = 2147483647;
			files = (
				3F7C3EEE19DC62290031FFBC /* Main.storyboard in Resources */,
				3F7C3EF319DC62290031FFBC /* LaunchScreen.xib in Resources */,
				3F7C3EF019DC62290031FFBC /* Images.xcassets in Resources */,
			);
			runOnlyForDeploymentPostprocessing = 0;
		};
		3F7C3EF619DC62290031FFBC /* Resources */ = {
			isa = PBXResourcesBuildPhase;
			buildActionMask = 2147483647;
			files = (
			);
			runOnlyForDeploymentPostprocessing = 0;
		};
/* End PBXResourcesBuildPhase section */

/* Begin PBXSourcesBuildPhase section */
		3F7C3EDF19DC62290031FFBC /* Sources */ = {
			isa = PBXSourcesBuildPhase;
			buildActionMask = 2147483647;
			files = (
				3F7C3EEB19DC62290031FFBC /* ViewController.swift in Sources */,
				3F7C3F0919DC63D10031FFBC /* QuoteCollectionViewCell.swift in Sources */,
				3F7C3EE919DC62290031FFBC /* AppDelegate.swift in Sources */,
			);
			runOnlyForDeploymentPostprocessing = 0;
		};
		3F7C3EF419DC62290031FFBC /* Sources */ = {
			isa = PBXSourcesBuildPhase;
			buildActionMask = 2147483647;
			files = (
				3F7C3EFF19DC62290031FFBC /* DynamicCollectionViewLayoutTests.swift in Sources */,
			);
			runOnlyForDeploymentPostprocessing = 0;
		};
/* End PBXSourcesBuildPhase section */

/* Begin PBXTargetDependency section */
		3F7C3EFA19DC62290031FFBC /* PBXTargetDependency */ = {
			isa = PBXTargetDependency;
			target = 3F7C3EE219DC62290031FFBC /* DynamicCollectionViewLayout */;
			targetProxy = 3F7C3EF919DC62290031FFBC /* PBXContainerItemProxy */;
		};
/* End PBXTargetDependency section */

/* Begin PBXVariantGroup section */
		3F7C3EEC19DC62290031FFBC /* Main.storyboard */ = {
			isa = PBXVariantGroup;
			children = (
				3F7C3EED19DC62290031FFBC /* Base */,
			);
			name = Main.storyboard;
			sourceTree = "<group>";
		};
		3F7C3EF119DC62290031FFBC /* LaunchScreen.xib */ = {
			isa = PBXVariantGroup;
			children = (
				3F7C3EF219DC62290031FFBC /* Base */,
			);
			name = LaunchScreen.xib;
			sourceTree = "<group>";
		};
/* End PBXVariantGroup section */

/* Begin XCBuildConfiguration section */
		3F7C3F0019DC62290031FFBC /* Debug */ = {
			isa = XCBuildConfiguration;
			buildSettings = {
				ALWAYS_SEARCH_USER_PATHS = NO;
				CLANG_CXX_LANGUAGE_STANDARD = "gnu++0x";
				CLANG_CXX_LIBRARY = "libc++";
				CLANG_ENABLE_MODULES = YES;
				CLANG_ENABLE_OBJC_ARC = YES;
				CLANG_WARN_BOOL_CONVERSION = YES;
				CLANG_WARN_CONSTANT_CONVERSION = YES;
				CLANG_WARN_DIRECT_OBJC_ISA_USAGE = YES_ERROR;
				CLANG_WARN_EMPTY_BODY = YES;
				CLANG_WARN_ENUM_CONVERSION = YES;
				CLANG_WARN_INT_CONVERSION = YES;
				CLANG_WARN_OBJC_ROOT_CLASS = YES_ERROR;
				CLANG_WARN_UNREACHABLE_CODE = YES;
				CLANG_WARN__DUPLICATE_METHOD_MATCH = YES;
				"CODE_SIGN_IDENTITY[sdk=iphoneos*]" = "iPhone Developer";
				COPY_PHASE_STRIP = NO;
				ENABLE_STRICT_OBJC_MSGSEND = YES;
				GCC_C_LANGUAGE_STANDARD = gnu99;
				GCC_DYNAMIC_NO_PIC = NO;
				GCC_OPTIMIZATION_LEVEL = 0;
				GCC_PREPROCESSOR_DEFINITIONS = (
					"DEBUG=1",
					"$(inherited)",
				);
				GCC_SYMBOLS_PRIVATE_EXTERN = NO;
				GCC_WARN_64_TO_32_BIT_CONVERSION = YES;
				GCC_WARN_ABOUT_RETURN_TYPE = YES_ERROR;
				GCC_WARN_UNDECLARED_SELECTOR = YES;
				GCC_WARN_UNINITIALIZED_AUTOS = YES_AGGRESSIVE;
				GCC_WARN_UNUSED_FUNCTION = YES;
				GCC_WARN_UNUSED_VARIABLE = YES;
				IPHONEOS_DEPLOYMENT_TARGET = 8.0;
				MTL_ENABLE_DEBUG_INFO = YES;
				ONLY_ACTIVE_ARCH = YES;
				SDKROOT = iphoneos;
				SWIFT_OPTIMIZATION_LEVEL = "-Onone";
			};
			name = Debug;
		};
		3F7C3F0119DC62290031FFBC /* Release */ = {
			isa = XCBuildConfiguration;
			buildSettings = {
				ALWAYS_SEARCH_USER_PATHS = NO;
				CLANG_CXX_LANGUAGE_STANDARD = "gnu++0x";
				CLANG_CXX_LIBRARY = "libc++";
				CLANG_ENABLE_MODULES = YES;
				CLANG_ENABLE_OBJC_ARC = YES;
				CLANG_WARN_BOOL_CONVERSION = YES;
				CLANG_WARN_CONSTANT_CONVERSION = YES;
				CLANG_WARN_DIRECT_OBJC_ISA_USAGE = YES_ERROR;
				CLANG_WARN_EMPTY_BODY = YES;
				CLANG_WARN_ENUM_CONVERSION = YES;
				CLANG_WARN_INT_CONVERSION = YES;
				CLANG_WARN_OBJC_ROOT_CLASS = YES_ERROR;
				CLANG_WARN_UNREACHABLE_CODE = YES;
				CLANG_WARN__DUPLICATE_METHOD_MATCH = YES;
				"CODE_SIGN_IDENTITY[sdk=iphoneos*]" = "iPhone Developer";
				COPY_PHASE_STRIP = YES;
				ENABLE_NS_ASSERTIONS = NO;
				ENABLE_STRICT_OBJC_MSGSEND = YES;
				GCC_C_LANGUAGE_STANDARD = gnu99;
				GCC_WARN_64_TO_32_BIT_CONVERSION = YES;
				GCC_WARN_ABOUT_RETURN_TYPE = YES_ERROR;
				GCC_WARN_UNDECLARED_SELECTOR = YES;
				GCC_WARN_UNINITIALIZED_AUTOS = YES_AGGRESSIVE;
				GCC_WARN_UNUSED_FUNCTION = YES;
				GCC_WARN_UNUSED_VARIABLE = YES;
				IPHONEOS_DEPLOYMENT_TARGET = 8.0;
				MTL_ENABLE_DEBUG_INFO = NO;
				SDKROOT = iphoneos;
				VALIDATE_PRODUCT = YES;
			};
			name = Release;
		};
		3F7C3F0319DC62290031FFBC /* Debug */ = {
			isa = XCBuildConfiguration;
			buildSettings = {
				ASSETCATALOG_COMPILER_APPICON_NAME = AppIcon;
				INFOPLIST_FILE = DynamicCollectionViewLayout/Info.plist;
				LD_RUNPATH_SEARCH_PATHS = "$(inherited) @executable_path/Frameworks";
				PRODUCT_NAME = "$(TARGET_NAME)";
			};
			name = Debug;
		};
		3F7C3F0419DC62290031FFBC /* Release */ = {
			isa = XCBuildConfiguration;
			buildSettings = {
				ASSETCATALOG_COMPILER_APPICON_NAME = AppIcon;
				INFOPLIST_FILE = DynamicCollectionViewLayout/Info.plist;
				LD_RUNPATH_SEARCH_PATHS = "$(inherited) @executable_path/Frameworks";
				PRODUCT_NAME = "$(TARGET_NAME)";
			};
			name = Release;
		};
		3F7C3F0619DC62290031FFBC /* Debug */ = {
			isa = XCBuildConfiguration;
			buildSettings = {
				BUNDLE_LOADER = "$(TEST_HOST)";
				FRAMEWORK_SEARCH_PATHS = (
					"$(SDKROOT)/Developer/Library/Frameworks",
					"$(inherited)",
				);
				GCC_PREPROCESSOR_DEFINITIONS = (
					"DEBUG=1",
					"$(inherited)",
				);
				INFOPLIST_FILE = DynamicCollectionViewLayoutTests/Info.plist;
				LD_RUNPATH_SEARCH_PATHS = "$(inherited) @executable_path/Frameworks @loader_path/Frameworks";
				PRODUCT_NAME = "$(TARGET_NAME)";
				TEST_HOST = "$(BUILT_PRODUCTS_DIR)/DynamicCollectionViewLayout.app/DynamicCollectionViewLayout";
			};
			name = Debug;
		};
		3F7C3F0719DC62290031FFBC /* Release */ = {
			isa = XCBuildConfiguration;
			buildSettings = {
				BUNDLE_LOADER = "$(TEST_HOST)";
				FRAMEWORK_SEARCH_PATHS = (
					"$(SDKROOT)/Developer/Library/Frameworks",
					"$(inherited)",
				);
				INFOPLIST_FILE = DynamicCollectionViewLayoutTests/Info.plist;
				LD_RUNPATH_SEARCH_PATHS = "$(inherited) @executable_path/Frameworks @loader_path/Frameworks";
				PRODUCT_NAME = "$(TARGET_NAME)";
				TEST_HOST = "$(BUILT_PRODUCTS_DIR)/DynamicCollectionViewLayout.app/DynamicCollectionViewLayout";
			};
			name = Release;
		};
/* End XCBuildConfiguration section */

/* Begin XCConfigurationList section */
		3F7C3EDE19DC62290031FFBC /* Build configuration list for PBXProject "DynamicCollectionViewLayout" */ = {
			isa = XCConfigurationList;
			buildConfigurations = (
				3F7C3F0019DC62290031FFBC /* Debug */,
				3F7C3F0119DC62290031FFBC /* Release */,
			);
			defaultConfigurationIsVisible = 0;
			defaultConfigurationName = Release;
		};
		3F7C3F0219DC62290031FFBC /* Build configuration list for PBXNativeTarget "DynamicCollectionViewLayout" */ = {
			isa = XCConfigurationList;
			buildConfigurations = (
				3F7C3F0319DC62290031FFBC /* Debug */,
				3F7C3F0419DC62290031FFBC /* Release */,
			);
			defaultConfigurationIsVisible = 0;
			defaultConfigurationName = Release;
		};
		3F7C3F0519DC62290031FFBC /* Build configuration list for PBXNativeTarget "DynamicCollectionViewLayoutTests" */ = {
			isa = XCConfigurationList;
			buildConfigurations = (
				3F7C3F0619DC62290031FFBC /* Debug */,
				3F7C3F0719DC62290031FFBC /* Release */,
			);
			defaultConfigurationIsVisible = 0;
			defaultConfigurationName = Release;
		};
/* End XCConfigurationList section */
	};
	rootObject = 3F7C3EDB19DC62290031FFBC /* Project object */;
}
